
Microsoft Visual Studio Solution File, Format Version 12.00
Project("{FAE04EC0-301F-11D3-BF4B-00C04F79EFBC}") = "JobPortal", "JobPortal\JobPortal.csproj", "{D96AB526-EF9B-439C-BE0C-3744CDC29F33}"
EndProject
Global
	GlobalSection(SolutionConfigurationPlatforms) = preSolution
		Debug|Any CPU = Debug|Any CPU
		Release|Any CPU = Release|Any CPU
	EndGlobalSection
	GlobalSection(ProjectConfigurationPlatforms) = postSolution
		{D96AB526-EF9B-439C-BE0C-3744CDC29F33}.Debug|Any CPU.ActiveCfg = Debug|Any CPU
		{D96AB526-EF9B-439C-BE0C-3744CDC29F33}.Debug|Any CPU.Build.0 = Debug|Any CPU
		{D96AB526-EF9B-439C-BE0C-3744CDC29F33}.Release|Any CPU.ActiveCfg = Release|Any CPU
		{D96AB526-EF9B-439C-BE0C-3744CDC29F33}.Release|Any CPU.Build.0 = Release|Any CPU
	EndGlobalSection
EndGlobal
